
Microsoft Visual Studio Solution File, Format Version 12.00
Project("{FAE04EC0-301F-11D3-BF4B-00C04F79EFBC}") = "GamepadUISwitcher", "GamepadUISwitcher\GamepadUISwitcher.csproj", "{B3D54825-7A68-4A67-BB01-80C64C88A4A8}"
EndProject
Global
	GlobalSection(SolutionConfigurationPlatforms) = preSolution
		Debug|Any CPU = Debug|Any CPU
		Release|Any CPU = Release|Any CPU
	EndGlobalSection
	GlobalSection(ProjectConfigurationPlatforms) = postSolution
		{B3D54825-7A68-4A67-BB01-80C64C88A4A8}.Debug|Any CPU.ActiveCfg = Debug|Any CPU
		{B3D54825-7A68-4A67-BB01-80C64C88A4A8}.Debug|Any CPU.Build.0 = Debug|Any CPU
		{B3D54825-7A68-4A67-BB01-80C64C88A4A8}.Release|Any CPU.ActiveCfg = Release|Any CPU
		{B3D54825-7A68-4A67-BB01-80C64C88A4A8}.Release|Any CPU.Build.0 = Release|Any CPU
	EndGlobalSection
EndGlobal
